Microsoft Visual Studio Solution File, Format Version 8.00
Project("{8BC9CEB8-8B4A-11D0-8D11-00A0C91BC942}") = "plansza", "plansza.vcproj", "{ABB38EB0-62B5-456E-929A-7969810C6DA4}"
	ProjectSection(ProjectDependencies) = postProject
	EndProjectSection
EndProject
Global
	GlobalSection(SolutionConfiguration) = preSolution
		Debug = Debug
		Release = Release
	EndGlobalSection
	GlobalSection(ProjectConfiguration) = postSolution
		{ABB38EB0-62B5-456E-929A-7969810C6DA4}.Debug.ActiveCfg = Debug|Win32
		{ABB38EB0-62B5-456E-929A-7969810C6DA4}.Debug.Build.0 = Debug|Win32
		{ABB38EB0-62B5-456E-929A-7969810C6DA4}.Release.ActiveCfg = Release|Win32
		{ABB38EB0-62B5-456E-929A-7969810C6DA4}.Release.Build.0 = Release|Win32
	EndGlobalSection
	GlobalSection(ExtensibilityGlobals) = postSolution
	EndGlobalSection
	GlobalSection(ExtensibilityAddIns) = postSolution
	EndGlobalSection
EndGlobal
